// !$*UTF8*$!
{
	archiveVersion = 1;
	classes = {
	};
	objectVersion = 46;
	objects = {

/* Begin PBXBuildFile section */
		D06F6A381993B32300F8B897 /* Foundation.framework in Frameworks */ = {isa = PBXBuildFile; fileRef = D06F6A371993B32300F8B897 /* Foundation.framework */; };
		D06F6A3B1993B32300F8B897 /* main.m in Sources */ = {isa = PBXBuildFile; fileRef = D06F6A3A1993B32300F8B897 /* main.m */; };
		D06F6A3F1993B32300F8B897 /* Constants.1 in CopyFiles */ = {isa = PBXBuildFile; fileRef = D06F6A3E1993B32300F8B897 /* Constants.1 */; };
/* End PBXBuildFile section */

/* Begin PBXCopyFilesBuildPhase section */
		D06F6A321993B32300F8B897 /* CopyFiles */ = {
			isa = PBXCopyFilesBuildPhase;
			buildActionMask = 2147483647;
			dstPath = /usr/share/man/man1/;
			dstSubfolderSpec = 0;
			files = (
				D06F6A3F1993B32300F8B897 /* Constants.1 in CopyFiles */,
			);
			runOnlyForDeploymentPostprocessing = 1;
		};
/* End PBXCopyFilesBuildPhase section */

/* Begin PBXFileReference section */
		D06F6A341993B32300F8B897 /* Constants */ = {isa = PBXFileReference; explicitFileType = "compiled.mach-o.executable"; includeInIndex = 0; path = Constants; sourceTree = BUILT_PRODUCTS_DIR; };
		D06F6A371993B32300F8B897 /* Foundation.framework */ = {isa = PBXFileReference; lastKnownFileType = wrapper.framework; name = Foundation.framework; path = System/Library/Frameworks/Foundation.framework; sourceTree = SDKROOT; };
		D06F6A3A1993B32300F8B897 /* main.m */ = {isa = PBXFileReference; lastKnownFileType = sourcecode.c.objc; path = main.m; sourceTree = "<group>"; };
		D06F6A3D1993B32300F8B897 /* Constants-Prefix.pch */ = {isa = PBXFileReference; lastKnownFileType = sourcecode.c.h; path = "Constants-Prefix.pch"; sourceTree = "<group>"; };
		D06F6A3E1993B32300F8B897 /* Constants.1 */ = {isa = PBXFileReference; lastKnownFileType = text.man; path = Constants.1; sourceTree = "<group>"; };
/* End PBXFileReference section */

/* Begin PBXFrameworksBuildPhase section */
		D06F6A311993B32300F8B897 /* Frameworks */ = {
			isa = PBXFrameworksBuildPhase;
			buildActionMask = 2147483647;
			files = (
				D06F6A381993B32300F8B897 /* Foundation.framework in Frameworks */,
			);
			runOnlyForDeploymentPostprocessing = 0;
		};
/* End PBXFrameworksBuildPhase section */

/* Begin PBXGroup section */
		D06F6A2B1993B32300F8B897 = {
			isa = PBXGroup;
			children = (
				D06F6A391993B32300F8B897 /* Constants */,
				D06F6A361993B32300F8B897 /* Frameworks */,
				D06F6A351993B32300F8B897 /* Products */,
			);
			sourceTree = "<group>";
		};
		D06F6A351993B32300F8B897 /* Products */ = {
			isa = PBXGroup;
			children = (
				D06F6A341993B32300F8B897 /* Constants */,
			);
			name = Products;
			sourceTree = "<group>";
		};
		D06F6A361993B32300F8B897 /* Frameworks */ = {
			isa = PBXGroup;
			children = (
				D06F6A371993B32300F8B897 /* Foundation.framework */,
			);
			name = Frameworks;
			sourceTree = "<group>";
		};
		D06F6A391993B32300F8B897 /* Constants */ = {
			isa = PBXGroup;
			children = (
				D06F6A3A1993B32300F8B897 /* main.m */,
				D06F6A3E1993B32300F8B897 /* Constants.1 */,
				D06F6A3C1993B32300F8B897 /* Supporting Files */,
			);
			path = Constants;
			sourceTree = "<group>";
		};
		D06F6A3C1993B32300F8B897 /* Supporting Files */ = {
			isa = PBXGroup;
			children = (
				D06F6A3D1993B32300F8B897 /* Constants-Prefix.pch */,
			);
			name = "Supporting Files";
			sourceTree = "<group>";
		};
/* End PBXGroup section */

/* Begin PBXNativeTarget section */
		D06F6A331993B32300F8B897 /* Constants */ = {
			isa = PBXNativeTarget;
			buildConfigurationList = D06F6A421993B32300F8B897 /* Build configuration list for PBXNativeTarget "Constants" */;
			buildPhases = (
				D06F6A301993B32300F8B897 /* Sources */,
				D06F6A311993B32300F8B897 /* Frameworks */,
				D06F6A321993B32300F8B897 /* CopyFiles */,
			);
			buildRules = (
			);
			dependencies = (
			);
			name = Constants;
			productName = Constants;
			productReference = D06F6A341993B32300F8B897 /* Constants */;
			productType = "com.apple.product-type.tool";
		};
/* End PBXNativeTarget section */

/* Begin PBXProject section */
		D06F6A2C1993B32300F8B897 /* Project object */ = {
			isa = PBXProject;
			attributes = {
				LastUpgradeCheck = 0510;
				ORGANIZATIONNAME = "Big Nerd Ranch";
			};
			buildConfigurationList = D06F6A2F1993B32300F8B897 /* Build configuration list for PBXProject "Constants" */;
			compatibilityVersion = "Xcode 3.2";
			developmentRegion = English;
			hasScannedForEncodings = 0;
			knownRegions = (
				en,
			);
			mainGroup = D06F6A2B1993B32300F8B897;
			productRefGroup = D06F6A351993B32300F8B897 /* Products */;
			projectDirPath = "";
			projectRoot = "";
			targets = (
				D06F6A331993B32300F8B897 /* Constants */,
			);
		};
/* End PBXProject section */

/* Begin PBXSourcesBuildPhase section */
		D06F6A301993B32300F8B897 /* Sources */ = {
			isa = PBXSourcesBuildPhase;
			buildActionMask = 2147483647;
			files = (
				D06F6A3B1993B32300F8B897 /* main.m in Sources */,
			);
			runOnlyForDeploymentPostprocessing = 0;
		};
/* End PBXSourcesBuildPhase section */

/* Begin XCBuildConfiguration section */
		D06F6A401993B32300F8B897 /* Debug */ = {
			isa = XCBuildConfiguration;
			buildSettings = {
				ALWAYS_SEARCH_USER_PATHS = NO;
				CLANG_CXX_LANGUAGE_STANDARD = "gnu++0x";
				CLANG_CXX_LIBRARY = "libc++";
				CLANG_ENABLE_MODULES = YES;
				CLANG_ENABLE_OBJC_ARC = YES;
				CLANG_WARN_BOOL_CONVERSION = YES;
				CLANG_WARN_CONSTANT_CONVERSION = YES;
				CLANG_WARN_DIRECT_OBJC_ISA_USAGE = YES_ERROR;
				CLANG_WARN_EMPTY_BODY = YES;
				CLANG_WARN_ENUM_CONVERSION = YES;
				CLANG_WARN_INT_CONVERSION = YES;
				CLANG_WARN_OBJC_ROOT_CLASS = YES_ERROR;
				CLANG_WARN__DUPLICATE_METHOD_MATCH = YES;
				COPY_PHASE_STRIP = NO;
				GCC_C_LANGUAGE_STANDARD = gnu99;
				GCC_DYNAMIC_NO_PIC = NO;
				GCC_ENABLE_OBJC_EXCEPTIONS = YES;
				GCC_OPTIMIZATION_LEVEL = 0;
				GCC_PREPROCESSOR_DEFINITIONS = (
					"DEBUG=1",
					"$(inherited)",
				);
				GCC_SYMBOLS_PRIVATE_EXTERN = NO;
				GCC_WARN_64_TO_32_BIT_CONVERSION = YES;
				GCC_WARN_ABOUT_RETURN_TYPE = YES_ERROR;
				GCC_WARN_UNDECLARED_SELECTOR = YES;
				GCC_WARN_UNINITIALIZED_AUTOS = YES_AGGRESSIVE;
				GCC_WARN_UNUSED_FUNCTION = YES;
				GCC_WARN_UNUSED_VARIABLE = YES;
				MACOSX_DEPLOYMENT_TARGET = 10.9;
				ONLY_ACTIVE_ARCH = YES;
				SDKROOT = macosx;
			};
			name = Debug;
		};
		D06F6A411993B32300F8B897 /* Release */ = {
			isa = XCBuildConfiguration;
			buildSettings = {
				ALWAYS_SEARCH_USER_PATHS = NO;
				CLANG_CXX_LANGUAGE_STANDARD = "gnu++0x";
				CLANG_CXX_LIBRARY = "libc++";
				CLANG_ENABLE_MODULES = YES;
				CLANG_ENABLE_OBJC_ARC = YES;
				CLANG_WARN_BOOL_CONVERSION = YES;
				CLANG_WARN_CONSTANT_CONVERSION = YES;
				CLANG_WARN_DIRECT_OBJC_ISA_USAGE = YES_ERROR;
				CLANG_WARN_EMPTY_BODY = YES;
				CLANG_WARN_ENUM_CONVERSION = YES;
				CLANG_WARN_INT_CONVERSION = YES;
				CLANG_WARN_OBJC_ROOT_CLASS = YES_ERROR;
				CLANG_WARN__DUPLICATE_METHOD_MATCH = YES;
				COPY_PHASE_STRIP = YES;
				DEBUG_INFORMATION_FORMAT = "dwarf-with-dsym";
				ENABLE_NS_ASSERTIONS = NO;
				GCC_C_LANGUAGE_STANDARD = gnu99;
				GCC_ENABLE_OBJC_EXCEPTIONS = YES;
				GCC_WARN_64_TO_32_BIT_CONVERSION = YES;
				GCC_WARN_ABOUT_RETURN_TYPE = YES_ERROR;
				GCC_WARN_UNDECLARED_SELECTOR = YES;
				GCC_WARN_UNINITIALIZED_AUTOS = YES_AGGRESSIVE;
				GCC_WARN_UNUSED_FUNCTION = YES;
				GCC_WARN_UNUSED_VARIABLE = YES;
				MACOSX_DEPLOYMENT_TARGET = 10.9;
				SDKROOT = macosx;
			};
			name = Release;
		};
		D06F6A431993B32300F8B897 /* Debug */ = {
			isa = XCBuildConfiguration;
			buildSettings = {
				GCC_PRECOMPILE_PREFIX_HEADER = YES;
				GCC_PREFIX_HEADER = "Constants/Constants-Prefix.pch";
				PRODUCT_NAME = "$(TARGET_NAME)";
			};
			name = Debug;
		};
		D06F6A441993B32300F8B897 /* Release */ = {
			isa = XCBuildConfiguration;
			buildSettings = {
				GCC_PRECOMPILE_PREFIX_HEADER = YES;
				GCC_PREFIX_HEADER = "Constants/Constants-Prefix.pch";
				PRODUCT_NAME = "$(TARGET_NAME)";
			};
			name = Release;
		};
/* End XCBuildConfiguration section */

/* Begin XCConfigurationList section */
		D06F6A2F1993B32300F8B897 /* Build configuration list for PBXProject "Constants" */ = {
			isa = XCConfigurationList;
			buildConfigurations = (
				D06F6A401993B32300F8B897 /* Debug */,
				D06F6A411993B32300F8B897 /* Release */,
			);
			defaultConfigurationIsVisible = 0;
			defaultConfigurationName = Release;
		};
		D06F6A421993B32300F8B897 /* Build configuration list for PBXNativeTarget "Constants" */ = {
			isa = XCConfigurationList;
			buildConfigurations = (
				D06F6A431993B32300F8B897 /* Debug */,
				D06F6A441993B32300F8B897 /* Release */,
			);
			defaultConfigurationIsVisible = 0;
		};
/* End XCConfigurationList section */
	};
	rootObject = D06F6A2C1993B32300F8B897 /* Project object */;
}
